
Microsoft Visual Studio Solution File, Format Version 12.00
# Visual Studio 15
VisualStudioVersion = 15.0.27703.2042
MinimumVisualStudioVersion = 10.0.40219.1
Project("{FAE04EC0-301F-11D3-BF4B-00C04F79EFBC}") = "CQC.TLey.StructureMap.Lib", "CQC.TLey.StructureMap.Lib\CQC.TLey.StructureMap.Lib.csproj", "{15A81E42-1FB4-461E-8ADE-3A27F1924343}"
EndProject
Global
	GlobalSection(SolutionConfigurationPlatforms) = preSolution
		Debug|Any CPU = Debug|Any CPU
		Release|Any CPU = Release|Any CPU
	EndGlobalSection
	GlobalSection(ProjectConfigurationPlatforms) = postSolution
		{15A81E42-1FB4-461E-8ADE-3A27F1924343}.Debug|Any CPU.ActiveCfg = Debug|Any CPU
		{15A81E42-1FB4-461E-8ADE-3A27F1924343}.Debug|Any CPU.Build.0 = Debug|Any CPU
		{15A81E42-1FB4-461E-8ADE-3A27F1924343}.Release|Any CPU.ActiveCfg = Release|Any CPU
		{15A81E42-1FB4-461E-8ADE-3A27F1924343}.Release|Any CPU.Build.0 = Release|Any CPU
	EndGlobalSection
	GlobalSection(SolutionProperties) = preSolution
		HideSolutionNode = FALSE
	EndGlobalSection
	GlobalSection(ExtensibilityGlobals) = postSolution
		SolutionGuid = {C5BD81E2-32BD-4298-B5A8-9C1E1F15EF83}
	EndGlobalSection
EndGlobal
